
Microsoft Visual Studio Solution File, Format Version 12.00
# Visual Studio 15
VisualStudioVersion = 15.0.28307.852
MinimumVisualStudioVersion = 10.0.40219.1
Project("{FAE04EC0-301F-11D3-BF4B-00C04F79EFBC}") = "Sth", "Sth\Sth.csproj", "{483DF634-7915-47DF-B2EA-321A8AB94323}"
EndProject
Global
	GlobalSection(SolutionConfigurationPlatforms) = preSolution
		Debug|Any CPU = Debug|Any CPU
		Release|Any CPU = Release|Any CPU
	EndGlobalSection
	GlobalSection(ProjectConfigurationPlatforms) = postSolution
		{483DF634-7915-47DF-B2EA-321A8AB94323}.Debug|Any CPU.ActiveCfg = Debug|Any CPU
		{483DF634-7915-47DF-B2EA-321A8AB94323}.Debug|Any CPU.Build.0 = Debug|Any CPU
		{483DF634-7915-47DF-B2EA-321A8AB94323}.Release|Any CPU.ActiveCfg = Release|Any CPU
		{483DF634-7915-47DF-B2EA-321A8AB94323}.Release|Any CPU.Build.0 = Release|Any CPU
	EndGlobalSection
	GlobalSection(SolutionProperties) = preSolution
		HideSolutionNode = FALSE
	EndGlobalSection
	GlobalSection(ExtensibilityGlobals) = postSolution
		SolutionGuid = {743F9049-F72E-4ABF-9E28-1035FE753463}
	EndGlobalSection
EndGlobal
